
Microsoft Visual Studio Solution File, Format Version 12.00
# Visual Studio 15
VisualStudioVersion = 15.0.26730.15
MinimumVisualStudioVersion = 10.0.40219.1
Project("{FAE04EC0-301F-11D3-BF4B-00C04F79EFBC}") = "ConsoleApp2", "ConsoleApp2.csproj", "{3BE2D4F1-2C13-46AE-8446-9D7778087BBC}"
EndProject
Global
	GlobalSection(SolutionConfigurationPlatforms) = preSolution
		Debug|Any CPU = Debug|Any CPU
		Release|Any CPU = Release|Any CPU
	EndGlobalSection
	GlobalSection(ProjectConfigurationPlatforms) = postSolution
		{3BE2D4F1-2C13-46AE-8446-9D7778087BBC}.Debug|Any CPU.ActiveCfg = Debug|Any CPU
		{3BE2D4F1-2C13-46AE-8446-9D7778087BBC}.Debug|Any CPU.Build.0 = Debug|Any CPU
		{3BE2D4F1-2C13-46AE-8446-9D7778087BBC}.Release|Any CPU.ActiveCfg = Release|Any CPU
		{3BE2D4F1-2C13-46AE-8446-9D7778087BBC}.Release|Any CPU.Build.0 = Release|Any CPU
	EndGlobalSection
	GlobalSection(SolutionProperties) = preSolution
		HideSolutionNode = FALSE
	EndGlobalSection
	GlobalSection(ExtensibilityGlobals) = postSolution
		SolutionGuid = {AF20699B-AC1C-435E-A18F-B6226BA8AEAF}
	EndGlobalSection
EndGlobal
